
Microsoft Visual Studio Solution File, Format Version 12.00
Project("{FAE04EC0-301F-11D3-BF4B-00C04F79EFBC}") = "FizzBuzz", "FizzBuzz\FizzBuzz.csproj", "{753AF8CF-BE48-4AE0-94ED-6CD7A33DD80B}"
EndProject
Project("{FAE04EC0-301F-11D3-BF4B-00C04F79EFBC}") = "TestFizzBuzz", "TestFizzBuzz\TestFizzBuzz.csproj", "{E314502B-B721-401C-B498-3A1C46056D02}"
EndProject
Global
	GlobalSection(SolutionConfigurationPlatforms) = preSolution
		Debug|Any CPU = Debug|Any CPU
		Release|Any CPU = Release|Any CPU
	EndGlobalSection
	GlobalSection(ProjectConfigurationPlatforms) = postSolution
		{753AF8CF-BE48-4AE0-94ED-6CD7A33DD80B}.Debug|Any CPU.ActiveCfg = Debug|Any CPU
		{753AF8CF-BE48-4AE0-94ED-6CD7A33DD80B}.Debug|Any CPU.Build.0 = Debug|Any CPU
		{753AF8CF-BE48-4AE0-94ED-6CD7A33DD80B}.Release|Any CPU.ActiveCfg = Release|Any CPU
		{753AF8CF-BE48-4AE0-94ED-6CD7A33DD80B}.Release|Any CPU.Build.0 = Release|Any CPU
		{E314502B-B721-401C-B498-3A1C46056D02}.Debug|Any CPU.ActiveCfg = Debug|Any CPU
		{E314502B-B721-401C-B498-3A1C46056D02}.Debug|Any CPU.Build.0 = Debug|Any CPU
		{E314502B-B721-401C-B498-3A1C46056D02}.Release|Any CPU.ActiveCfg = Release|Any CPU
		{E314502B-B721-401C-B498-3A1C46056D02}.Release|Any CPU.Build.0 = Release|Any CPU
	EndGlobalSection
EndGlobal
